Microsoft Visual Studio Solution File, Format Version 12.00
# Visual Studio Version 17
VisualStudioVersion = 17.5.2.0
MinimumVisualStudioVersion = 10.0.40219.1
Project("{FAE04EC0-301F-11D3-BF4B-00C04F79EFBC}") = "trapper-keeper", "src\TrapperKeeper\trapper-keeper.csproj", "{D43A114E-7F85-80E5-B29A-6373A2490027}"
EndProject
Project("{FAE04EC0-301F-11D3-BF4B-00C04F79EFBC}") = "TrapperKeeper.Tests", "tests\TrapperKeeper.Tests\TrapperKeeper.Tests.csproj", "{03C34A0D-43CE-42C0-B14B-9EB228D869B6}"
EndProject
Global
	GlobalSection(SolutionConfigurationPlatforms) = preSolution
		Debug|Any CPU = Debug|Any CPU
		Release|Any CPU = Release|Any CPU
	EndGlobalSection
	GlobalSection(ProjectConfigurationPlatforms) = postSolution
		{D43A114E-7F85-80E5-B29A-6373A2490027}.Debug|Any CPU.ActiveCfg = Debug|Any CPU
		{D43A114E-7F85-80E5-B29A-6373A2490027}.Debug|Any CPU.Build.0 = Debug|Any CPU
		{D43A114E-7F85-80E5-B29A-6373A2490027}.Release|Any CPU.ActiveCfg = Release|Any CPU
		{D43A114E-7F85-80E5-B29A-6373A2490027}.Release|Any CPU.Build.0 = Release|Any CPU
		{03C34A0D-43CE-42C0-B14B-9EB228D869B6}.Debug|Any CPU.ActiveCfg = Debug|Any CPU
		{03C34A0D-43CE-42C0-B14B-9EB228D869B6}.Debug|Any CPU.Build.0 = Debug|Any CPU
		{03C34A0D-43CE-42C0-B14B-9EB228D869B6}.Release|Any CPU.ActiveCfg = Release|Any CPU
		{03C34A0D-43CE-42C0-B14B-9EB228D869B6}.Release|Any CPU.Build.0 = Release|Any CPU
	EndGlobalSection
	GlobalSection(SolutionProperties) = preSolution
		HideSolutionNode = FALSE
	EndGlobalSection
	GlobalSection(ExtensibilityGlobals) = postSolution
		SolutionGuid = {62CC25F3-ED8F-40CD-8551-DA667F889AE7}
	EndGlobalSection
EndGlobal
